
Microsoft Visual Studio Solution File, Format Version 12.00
# Visual Studio 2013
Project("{FAE04EC0-301F-11D3-BF4B-00C04F79EFBC}") = "MeshBuilder.CSharp", "MeshBuilder.CSharp.csproj", "{C048739B-6C90-668E-F6CF-BE8EDC6BF5C7}"
EndProject
Project("{FAE04EC0-301F-11D3-BF4B-00C04F79EFBC}") = "MeshBuilder.CSharp.Editor", "MeshBuilder.CSharp.Editor.csproj", "{BF12EDCE-D648-3B15-2C43-C65CDA119E51}"
EndProject
Global
	GlobalSection(SolutionConfigurationPlatforms) = preSolution
		Debug|Any CPU = Debug|Any CPU
		Release|Any CPU = Release|Any CPU
	EndGlobalSection
	GlobalSection(ProjectConfigurationPlatforms) = postSolution
		{C048739B-6C90-668E-F6CF-BE8EDC6BF5C7}.Debug|Any CPU.ActiveCfg = Debug|Any CPU
		{C048739B-6C90-668E-F6CF-BE8EDC6BF5C7}.Debug|Any CPU.Build.0 = Debug|Any CPU
		{C048739B-6C90-668E-F6CF-BE8EDC6BF5C7}.Release|Any CPU.ActiveCfg = Release|Any CPU
		{C048739B-6C90-668E-F6CF-BE8EDC6BF5C7}.Release|Any CPU.Build.0 = Release|Any CPU
		{BF12EDCE-D648-3B15-2C43-C65CDA119E51}.Debug|Any CPU.ActiveCfg = Debug|Any CPU
		{BF12EDCE-D648-3B15-2C43-C65CDA119E51}.Debug|Any CPU.Build.0 = Debug|Any CPU
		{BF12EDCE-D648-3B15-2C43-C65CDA119E51}.Release|Any CPU.ActiveCfg = Release|Any CPU
		{BF12EDCE-D648-3B15-2C43-C65CDA119E51}.Release|Any CPU.Build.0 = Release|Any CPU
	EndGlobalSection
	GlobalSection(SolutionProperties) = preSolution
		HideSolutionNode = FALSE
	EndGlobalSection
EndGlobal
