
Microsoft Visual Studio Solution File, Format Version 12.00
# Visual Studio 2013
Project("{FAE04EC0-301F-11D3-BF4B-00C04F79EFBC}") = "UnityVS.MeshBuilder.CSharp", "UnityVS.MeshBuilder.CSharp.csproj", "{B38DB602-B13A-34B6-D382-613999EBD08C}"
EndProject
Project("{FAE04EC0-301F-11D3-BF4B-00C04F79EFBC}") = "UnityVS.MeshBuilder.CSharp.Editor", "UnityVS.MeshBuilder.CSharp.Editor.csproj", "{46F65856-FDD8-541A-3EAE-6CB648F5B9C7}"
EndProject
Global
	GlobalSection(SolutionConfigurationPlatforms) = preSolution
		Debug|Any CPU = Debug|Any CPU
		Release|Any CPU = Release|Any CPU
	EndGlobalSection
	GlobalSection(ProjectConfigurationPlatforms) = postSolution
		{B38DB602-B13A-34B6-D382-613999EBD08C}.Debug|Any CPU.ActiveCfg = Debug|Any CPU
		{B38DB602-B13A-34B6-D382-613999EBD08C}.Debug|Any CPU.Build.0 = Debug|Any CPU
		{B38DB602-B13A-34B6-D382-613999EBD08C}.Release|Any CPU.ActiveCfg = Release|Any CPU
		{B38DB602-B13A-34B6-D382-613999EBD08C}.Release|Any CPU.Build.0 = Release|Any CPU
		{46F65856-FDD8-541A-3EAE-6CB648F5B9C7}.Debug|Any CPU.ActiveCfg = Debug|Any CPU
		{46F65856-FDD8-541A-3EAE-6CB648F5B9C7}.Debug|Any CPU.Build.0 = Debug|Any CPU
		{46F65856-FDD8-541A-3EAE-6CB648F5B9C7}.Release|Any CPU.ActiveCfg = Release|Any CPU
		{46F65856-FDD8-541A-3EAE-6CB648F5B9C7}.Release|Any CPU.Build.0 = Release|Any CPU
	EndGlobalSection
	GlobalSection(SolutionProperties) = preSolution
		HideSolutionNode = FALSE
	EndGlobalSection
EndGlobal
